
Microsoft Visual Studio Solution File, Format Version 12.00
# Visual Studio 15
VisualStudioVersion = 15.0.27703.2035
MinimumVisualStudioVersion = 10.0.40219.1
Project("{FAE04EC0-301F-11D3-BF4B-00C04F79EFBC}") = "MyAdapterPattern", "MyAdapterPattern\MyAdapterPattern.csproj", "{DB146548-AC89-408D-B610-5F52E71A48CF}"
EndProject
Global
	GlobalSection(SolutionConfigurationPlatforms) = preSolution
		Debug|Any CPU = Debug|Any CPU
		Release|Any CPU = Release|Any CPU
	EndGlobalSection
	GlobalSection(ProjectConfigurationPlatforms) = postSolution
		{DB146548-AC89-408D-B610-5F52E71A48CF}.Debug|Any CPU.ActiveCfg = Debug|Any CPU
		{DB146548-AC89-408D-B610-5F52E71A48CF}.Debug|Any CPU.Build.0 = Debug|Any CPU
		{DB146548-AC89-408D-B610-5F52E71A48CF}.Release|Any CPU.ActiveCfg = Release|Any CPU
		{DB146548-AC89-408D-B610-5F52E71A48CF}.Release|Any CPU.Build.0 = Release|Any CPU
	EndGlobalSection
	GlobalSection(SolutionProperties) = preSolution
		HideSolutionNode = FALSE
	EndGlobalSection
	GlobalSection(ExtensibilityGlobals) = postSolution
		SolutionGuid = {67578921-10CE-40E8-8432-4796E91C8038}
	EndGlobalSection
EndGlobal
